
Microsoft Visual Studio Solution File, Format Version 12.00
# Visual Studio Version 17
VisualStudioVersion = 17.0.31903.59
MinimumVisualStudioVersion = 10.0.40219.1
Project("{FAE04EC0-301F-11D3-BF4B-00C04F79EFBC}") = "WebAPI1", "WebAPI1\WebAPI1.csproj", "{0EC44425-3007-4FCE-84A2-D7EF69BF42C9}"
EndProject
Project("{FAE04EC0-301F-11D3-BF4B-00C04F79EFBC}") = "PizzaStore", "PizzaStore\PizzaStore.csproj", "{B1549B41-5021-4598-98E4-D9F0E76548DE}"
EndProject
Project("{FAE04EC0-301F-11D3-BF4B-00C04F79EFBC}") = "ContosoPizza", "ContosoPizza\ContosoPizza.csproj", "{A906081D-A463-4297-9F8B-4E457B3EB5F7}"
EndProject
Global
	GlobalSection(SolutionConfigurationPlatforms) = preSolution
		Debug|Any CPU = Debug|Any CPU
		Release|Any CPU = Release|Any CPU
	EndGlobalSection
	GlobalSection(SolutionProperties) = preSolution
		HideSolutionNode = FALSE
	EndGlobalSection
	GlobalSection(ProjectConfigurationPlatforms) = postSolution
		{0EC44425-3007-4FCE-84A2-D7EF69BF42C9}.Debug|Any CPU.ActiveCfg = Debug|Any CPU
		{0EC44425-3007-4FCE-84A2-D7EF69BF42C9}.Debug|Any CPU.Build.0 = Debug|Any CPU
		{0EC44425-3007-4FCE-84A2-D7EF69BF42C9}.Release|Any CPU.ActiveCfg = Release|Any CPU
		{0EC44425-3007-4FCE-84A2-D7EF69BF42C9}.Release|Any CPU.Build.0 = Release|Any CPU
		{B1549B41-5021-4598-98E4-D9F0E76548DE}.Debug|Any CPU.ActiveCfg = Debug|Any CPU
		{B1549B41-5021-4598-98E4-D9F0E76548DE}.Debug|Any CPU.Build.0 = Debug|Any CPU
		{B1549B41-5021-4598-98E4-D9F0E76548DE}.Release|Any CPU.ActiveCfg = Release|Any CPU
		{B1549B41-5021-4598-98E4-D9F0E76548DE}.Release|Any CPU.Build.0 = Release|Any CPU
		{A906081D-A463-4297-9F8B-4E457B3EB5F7}.Debug|Any CPU.ActiveCfg = Debug|Any CPU
		{A906081D-A463-4297-9F8B-4E457B3EB5F7}.Debug|Any CPU.Build.0 = Debug|Any CPU
		{A906081D-A463-4297-9F8B-4E457B3EB5F7}.Release|Any CPU.ActiveCfg = Release|Any CPU
		{A906081D-A463-4297-9F8B-4E457B3EB5F7}.Release|Any CPU.Build.0 = Release|Any CPU
	EndGlobalSection
EndGlobal
